# This file is automatically @generated by Cargo.
# It is not intended for manual editing.
version = 4

[[package]]
name = "bgpfc-config"
version = "0.1.0"

[[package]]
name = "bgpfc-control"
version = "0.1.0"

[[package]]
name = "bgpfc-fib"
version = "0.1.0"

[[package]]
name = "bgpfc-fsm"
version = "0.1.0"

[[package]]
name = "bgpfc-log"
version = "0.1.0"

[[package]]
name = "bgpfc-policy"
version = "0.1.0"

[[package]]
name = "bgpfc-rib"
version = "0.1.0"

[[package]]
name = "bgpfc-sys"
version = "0.1.0"

[[package]]
name = "bgpfc-wire"
version = "0.1.0"

[[package]]
name = "bgpfcctl"
version = "0.1.0"

[[package]]
name = "bgpfcd"
version = "0.1.0"

[[package]]
name = "interop"
version = "0.1.0"
